{
  "name": "nao-invoice-validator",
  "version": "1.0.0",
  "lockfileVersion": 3,
  "requires": true,
  "packages": {
    "": {
      "name": "nao-invoice-validator",
      "version": "1.0.0",
      "dependencies": {
        "busboy": "^1.6.0",
        "unpdf": "^1.8.1"
      },
      "engines": {
        "node": ">=18"
      }
    },
    "node_modules/busboy": {
      "version": "1.6.0",
      "resolved": "https://registry.npmjs.org/busboy/-/busboy-1.6.0.tgz",
      "integrity": "sha512-8SFQbg/0hQ9xy3UNTB0YEnsNBbWfhf7RtnzpL7TkBiTBRfrQ9Fxcnz7VJsleJpyp6rVLvXiuORqjlHi5q+PYuA==",
      "dependencies": {
        "streamsearch": "^1.1.0"
      },
      "engines": {
        "node": ">=10.16.0"
      }
    },
    "node_modules/streamsearch": {
      "version": "1.1.0",
      "resolved": "https://registry.npmjs.org/streamsearch/-/streamsearch-1.1.0.tgz",
      "integrity": "sha512-Mcc5wHehp9aXz1ax6bZUyY5afg9u2rv5cqQI3mRrYkGC8rW2hM02jWuwjtL++LS5qinSyhj2QfLyNsuc+VsExg==",
      "engines": {
        "node": ">=10.0.0"
      }
    },
    "node_modules/unpdf": {
      "version": "1.8.1",
      "resolved": "https://registry.npmjs.org/unpdf/-/unpdf-1.8.1.tgz",
      "integrity": "sha512-xkURhy2SoGpOIH0a1gLHNkASPIQYonadDJs2AQwPEfUakafeD9EA1WTWWsaR++gfTCXJpV27W7tU1nXuk82UKQ==",
      "license": "MIT",
      "engines": {
        "node": ">=22"
      },
      "peerDependencies": {
        "@napi-rs/canvas": "^0.1.69 || ^1.0.0"
      },
      "peerDependenciesMeta": {
        "@napi-rs/canvas": {
          "optional": true
        }
      }
    }
  }
}
